
Microsoft Visual Studio Solution File, Format Version 12.00
# Visual Studio Version 16
VisualStudioVersion = 16.0.31005.135
MinimumVisualStudioVersion = 10.0.40219.1
Project("{2150E333-8FDC-42A3-9474-1A3956D46DE8}") = "HelloWorld", "HelloWorld", "{41AF3B77-5A0C-4B44-B062-0A2CD4838966}"
EndProject
Project("{FAE04EC0-301F-11D3-BF4B-00C04F79EFBC}") = "Sender", "HelloWorld\Sender\Sender.csproj", "{01952B04-09AA-406D-9F38-CFC9B90E07F5}"
EndProject
Project("{FAE04EC0-301F-11D3-BF4B-00C04F79EFBC}") = "Receiver", "HelloWorld\Receiver\Receiver.csproj", "{185C35E9-B6E3-4A58-A8DB-7DC75DD37E41}"
EndProject
Global
	GlobalSection(SolutionConfigurationPlatforms) = preSolution
		Debug|Any CPU = Debug|Any CPU
		Release|Any CPU = Release|Any CPU
	EndGlobalSection
	GlobalSection(ProjectConfigurationPlatforms) = postSolution
		{01952B04-09AA-406D-9F38-CFC9B90E07F5}.Debug|Any CPU.ActiveCfg = Debug|Any CPU
		{01952B04-09AA-406D-9F38-CFC9B90E07F5}.Debug|Any CPU.Build.0 = Debug|Any CPU
		{01952B04-09AA-406D-9F38-CFC9B90E07F5}.Release|Any CPU.ActiveCfg = Release|Any CPU
		{01952B04-09AA-406D-9F38-CFC9B90E07F5}.Release|Any CPU.Build.0 = Release|Any CPU
		{185C35E9-B6E3-4A58-A8DB-7DC75DD37E41}.Debug|Any CPU.ActiveCfg = Debug|Any CPU
		{185C35E9-B6E3-4A58-A8DB-7DC75DD37E41}.Debug|Any CPU.Build.0 = Debug|Any CPU
		{185C35E9-B6E3-4A58-A8DB-7DC75DD37E41}.Release|Any CPU.ActiveCfg = Release|Any CPU
		{185C35E9-B6E3-4A58-A8DB-7DC75DD37E41}.Release|Any CPU.Build.0 = Release|Any CPU
	EndGlobalSection
	GlobalSection(SolutionProperties) = preSolution
		HideSolutionNode = FALSE
	EndGlobalSection
	GlobalSection(NestedProjects) = preSolution
		{01952B04-09AA-406D-9F38-CFC9B90E07F5} = {41AF3B77-5A0C-4B44-B062-0A2CD4838966}
		{185C35E9-B6E3-4A58-A8DB-7DC75DD37E41} = {41AF3B77-5A0C-4B44-B062-0A2CD4838966}
	EndGlobalSection
	GlobalSection(ExtensibilityGlobals) = postSolution
		SolutionGuid = {A9748F6E-D6E9-44C0-90C7-E70E338A43EA}
	EndGlobalSection
EndGlobal
