
Microsoft Visual Studio Solution File, Format Version 12.00
# Visual Studio Version 16
VisualStudioVersion = 16.0.31005.135
MinimumVisualStudioVersion = 10.0.40219.1
Project("{2150E333-8FDC-42A3-9474-1A3956D46DE8}") = "HelloWorld", "HelloWorld", "{41AF3B77-5A0C-4B44-B062-0A2CD4838966}"
EndProject
Project("{9A19103F-16F7-4668-BE54-9A1E7A4F7556}") = "Sender", "HelloWorld\Sender\Sender.csproj", "{01952B04-09AA-406D-9F38-CFC9B90E07F5}"
EndProject
Project("{9A19103F-16F7-4668-BE54-9A1E7A4F7556}") = "Receiver", "HelloWorld\Receiver\Receiver.csproj", "{185C35E9-B6E3-4A58-A8DB-7DC75DD37E41}"
EndProject
Project("{2150E333-8FDC-42A3-9474-1A3956D46DE8}") = "WorkQueues", "WorkQueues", "{0429A70F-DDA3-407F-8645-76AA3E3871BC}"
EndProject
Project("{9A19103F-16F7-4668-BE54-9A1E7A4F7556}") = "NewTask", "WorkQueues\NewTask\NewTask.csproj", "{41FE17AE-7138-4609-99A4-AD1B6C9C5220}"
EndProject
Project("{9A19103F-16F7-4668-BE54-9A1E7A4F7556}") = "Worker", "WorkQueues\Worker\Worker.csproj", "{37DFBD1C-24C6-4A8C-AA30-BAC702F8542F}"
EndProject
Project("{2150E333-8FDC-42A3-9474-1A3956D46DE8}") = "PublishSubscribe", "PublishSubscribe", "{C81AC343-E916-494E-AF15-073E1ADDBBDA}"
EndProject
Project("{9A19103F-16F7-4668-BE54-9A1E7A4F7556}") = "EmitLog", "PublishSubscribe\EmitLog\EmitLog.csproj", "{E1218A48-F07D-4E8B-B649-C764B2EDFE8B}"
EndProject
Project("{9A19103F-16F7-4668-BE54-9A1E7A4F7556}") = "ReceiveLogs", "PublishSubscribe\ReceiveLogs\ReceiveLogs.csproj", "{1B6AB9A3-F3FD-431A-AA4C-83FE9ADA7096}"
EndProject
Project("{2150E333-8FDC-42A3-9474-1A3956D46DE8}") = "Routing", "Routing", "{3C198C4A-DF81-456F-A832-5ABE529F576F}"
EndProject
Project("{9A19103F-16F7-4668-BE54-9A1E7A4F7556}") = "EmitLogDirect", "Routing\EmitLogDirect\EmitLogDirect.csproj", "{D63054FE-B0BA-4C5F-A9DF-E519A68BD92F}"
EndProject
Project("{9A19103F-16F7-4668-BE54-9A1E7A4F7556}") = "ReceiveLogsDirect", "Routing\ReceiveLogsDirect\ReceiveLogsDirect.csproj", "{6D642A38-48A4-459F-9567-477E5F8848BF}"
EndProject
Project("{2150E333-8FDC-42A3-9474-1A3956D46DE8}") = "Topics", "Topics", "{82B2A3DB-4308-43D5-9FCE-29C638A36C69}"
EndProject
Project("{9A19103F-16F7-4668-BE54-9A1E7A4F7556}") = "EmitLogTopic", "Topics\EmitLogTopic\EmitLogTopic.csproj", "{26BBDC41-1F65-4C88-B03C-8FDC50757654}"
EndProject
Project("{9A19103F-16F7-4668-BE54-9A1E7A4F7556}") = "ReceiveLogsTopic", "Topics\ReceiveLogsTopic\ReceiveLogsTopic.csproj", "{5F34278A-D764-47E5-9A90-9D3D9AB8DA8B}"
EndProject
Project("{2150E333-8FDC-42A3-9474-1A3956D46DE8}") = "RPC", "RPC", "{28532EB7-92E7-4F1D-8628-BAB7F851EE2C}"
EndProject
Project("{9A19103F-16F7-4668-BE54-9A1E7A4F7556}") = "RPCServer", "RPC\RPCServer\RPCServer.csproj", "{22FD8C0A-687A-4FF0-AD64-4E212232CB4E}"
EndProject
Project("{9A19103F-16F7-4668-BE54-9A1E7A4F7556}") = "RpcClient", "RPC\RpcClient\RpcClient.csproj", "{8B3D37DE-7E31-4553-B257-AD7F575996F6}"
EndProject
Project("{2150E333-8FDC-42A3-9474-1A3956D46DE8}") = "RPC-2", "RPC-2", "{5E7B67EC-09F3-4DF7-93BC-6A3A7BD8E4AB}"
EndProject
Project("{9A19103F-16F7-4668-BE54-9A1E7A4F7556}") = "Server", "RPC-2\Server\Server.csproj", "{DF9D86C8-5992-443E-9F7A-0A088CD3A53E}"
EndProject
Project("{9A19103F-16F7-4668-BE54-9A1E7A4F7556}") = "Client", "RPC-2\Client\Client.csproj", "{45B1AA75-B294-4E11-9350-F5B3190A4D4D}"
EndProject
Project("{2150E333-8FDC-42A3-9474-1A3956D46DE8}") = "FileQueues", "FileQueues", "{2B6C3014-B351-4C46-A8AE-7E424A814E8F}"
EndProject
Project("{FAE04EC0-301F-11D3-BF4B-00C04F79EFBC}") = "ProduceFile", "FileQueues\ProduceFile\ProduceFile.csproj", "{A6171000-ABF4-4DEB-BF50-3B5632424D1B}"
EndProject
Project("{FAE04EC0-301F-11D3-BF4B-00C04F79EFBC}") = "ConsumerFile", "FileQueues\ConsumerFile\ConsumerFile.csproj", "{3EE2548D-62BD-4098-8476-24F420B95ACD}"
EndProject
Global
	GlobalSection(SolutionConfigurationPlatforms) = preSolution
		Debug|Any CPU = Debug|Any CPU
		Release|Any CPU = Release|Any CPU
	EndGlobalSection
	GlobalSection(ProjectConfigurationPlatforms) = postSolution
		{01952B04-09AA-406D-9F38-CFC9B90E07F5}.Debug|Any CPU.ActiveCfg = Debug|Any CPU
		{01952B04-09AA-406D-9F38-CFC9B90E07F5}.Debug|Any CPU.Build.0 = Debug|Any CPU
		{01952B04-09AA-406D-9F38-CFC9B90E07F5}.Release|Any CPU.ActiveCfg = Release|Any CPU
		{01952B04-09AA-406D-9F38-CFC9B90E07F5}.Release|Any CPU.Build.0 = Release|Any CPU
		{185C35E9-B6E3-4A58-A8DB-7DC75DD37E41}.Debug|Any CPU.ActiveCfg = Debug|Any CPU
		{185C35E9-B6E3-4A58-A8DB-7DC75DD37E41}.Debug|Any CPU.Build.0 = Debug|Any CPU
		{185C35E9-B6E3-4A58-A8DB-7DC75DD37E41}.Release|Any CPU.ActiveCfg = Release|Any CPU
		{185C35E9-B6E3-4A58-A8DB-7DC75DD37E41}.Release|Any CPU.Build.0 = Release|Any CPU
		{41FE17AE-7138-4609-99A4-AD1B6C9C5220}.Debug|Any CPU.ActiveCfg = Debug|Any CPU
		{41FE17AE-7138-4609-99A4-AD1B6C9C5220}.Debug|Any CPU.Build.0 = Debug|Any CPU
		{41FE17AE-7138-4609-99A4-AD1B6C9C5220}.Release|Any CPU.ActiveCfg = Release|Any CPU
		{41FE17AE-7138-4609-99A4-AD1B6C9C5220}.Release|Any CPU.Build.0 = Release|Any CPU
		{37DFBD1C-24C6-4A8C-AA30-BAC702F8542F}.Debug|Any CPU.ActiveCfg = Debug|Any CPU
		{37DFBD1C-24C6-4A8C-AA30-BAC702F8542F}.Debug|Any CPU.Build.0 = Debug|Any CPU
		{37DFBD1C-24C6-4A8C-AA30-BAC702F8542F}.Release|Any CPU.ActiveCfg = Release|Any CPU
		{37DFBD1C-24C6-4A8C-AA30-BAC702F8542F}.Release|Any CPU.Build.0 = Release|Any CPU
		{E1218A48-F07D-4E8B-B649-C764B2EDFE8B}.Debug|Any CPU.ActiveCfg = Debug|Any CPU
		{E1218A48-F07D-4E8B-B649-C764B2EDFE8B}.Debug|Any CPU.Build.0 = Debug|Any CPU
		{E1218A48-F07D-4E8B-B649-C764B2EDFE8B}.Release|Any CPU.ActiveCfg = Release|Any CPU
		{E1218A48-F07D-4E8B-B649-C764B2EDFE8B}.Release|Any CPU.Build.0 = Release|Any CPU
		{1B6AB9A3-F3FD-431A-AA4C-83FE9ADA7096}.Debug|Any CPU.ActiveCfg = Debug|Any CPU
		{1B6AB9A3-F3FD-431A-AA4C-83FE9ADA7096}.Debug|Any CPU.Build.0 = Debug|Any CPU
		{1B6AB9A3-F3FD-431A-AA4C-83FE9ADA7096}.Release|Any CPU.ActiveCfg = Release|Any CPU
		{1B6AB9A3-F3FD-431A-AA4C-83FE9ADA7096}.Release|Any CPU.Build.0 = Release|Any CPU
		{D63054FE-B0BA-4C5F-A9DF-E519A68BD92F}.Debug|Any CPU.ActiveCfg = Debug|Any CPU
		{D63054FE-B0BA-4C5F-A9DF-E519A68BD92F}.Debug|Any CPU.Build.0 = Debug|Any CPU
		{D63054FE-B0BA-4C5F-A9DF-E519A68BD92F}.Release|Any CPU.ActiveCfg = Release|Any CPU
		{D63054FE-B0BA-4C5F-A9DF-E519A68BD92F}.Release|Any CPU.Build.0 = Release|Any CPU
		{6D642A38-48A4-459F-9567-477E5F8848BF}.Debug|Any CPU.ActiveCfg = Debug|Any CPU
		{6D642A38-48A4-459F-9567-477E5F8848BF}.Debug|Any CPU.Build.0 = Debug|Any CPU
		{6D642A38-48A4-459F-9567-477E5F8848BF}.Release|Any CPU.ActiveCfg = Release|Any CPU
		{6D642A38-48A4-459F-9567-477E5F8848BF}.Release|Any CPU.Build.0 = Release|Any CPU
		{26BBDC41-1F65-4C88-B03C-8FDC50757654}.Debug|Any CPU.ActiveCfg = Debug|Any CPU
		{26BBDC41-1F65-4C88-B03C-8FDC50757654}.Debug|Any CPU.Build.0 = Debug|Any CPU
		{26BBDC41-1F65-4C88-B03C-8FDC50757654}.Release|Any CPU.ActiveCfg = Release|Any CPU
		{26BBDC41-1F65-4C88-B03C-8FDC50757654}.Release|Any CPU.Build.0 = Release|Any CPU
		{5F34278A-D764-47E5-9A90-9D3D9AB8DA8B}.Debug|Any CPU.ActiveCfg = Debug|Any CPU
		{5F34278A-D764-47E5-9A90-9D3D9AB8DA8B}.Debug|Any CPU.Build.0 = Debug|Any CPU
		{5F34278A-D764-47E5-9A90-9D3D9AB8DA8B}.Release|Any CPU.ActiveCfg = Release|Any CPU
		{5F34278A-D764-47E5-9A90-9D3D9AB8DA8B}.Release|Any CPU.Build.0 = Release|Any CPU
		{22FD8C0A-687A-4FF0-AD64-4E212232CB4E}.Debug|Any CPU.ActiveCfg = Debug|Any CPU
		{22FD8C0A-687A-4FF0-AD64-4E212232CB4E}.Debug|Any CPU.Build.0 = Debug|Any CPU
		{22FD8C0A-687A-4FF0-AD64-4E212232CB4E}.Release|Any CPU.ActiveCfg = Release|Any CPU
		{22FD8C0A-687A-4FF0-AD64-4E212232CB4E}.Release|Any CPU.Build.0 = Release|Any CPU
		{8B3D37DE-7E31-4553-B257-AD7F575996F6}.Debug|Any CPU.ActiveCfg = Debug|Any CPU
		{8B3D37DE-7E31-4553-B257-AD7F575996F6}.Debug|Any CPU.Build.0 = Debug|Any CPU
		{8B3D37DE-7E31-4553-B257-AD7F575996F6}.Release|Any CPU.ActiveCfg = Release|Any CPU
		{8B3D37DE-7E31-4553-B257-AD7F575996F6}.Release|Any CPU.Build.0 = Release|Any CPU
		{DF9D86C8-5992-443E-9F7A-0A088CD3A53E}.Debug|Any CPU.ActiveCfg = Debug|Any CPU
		{DF9D86C8-5992-443E-9F7A-0A088CD3A53E}.Debug|Any CPU.Build.0 = Debug|Any CPU
		{DF9D86C8-5992-443E-9F7A-0A088CD3A53E}.Release|Any CPU.ActiveCfg = Release|Any CPU
		{DF9D86C8-5992-443E-9F7A-0A088CD3A53E}.Release|Any CPU.Build.0 = Release|Any CPU
		{45B1AA75-B294-4E11-9350-F5B3190A4D4D}.Debug|Any CPU.ActiveCfg = Debug|Any CPU
		{45B1AA75-B294-4E11-9350-F5B3190A4D4D}.Debug|Any CPU.Build.0 = Debug|Any CPU
		{45B1AA75-B294-4E11-9350-F5B3190A4D4D}.Release|Any CPU.ActiveCfg = Release|Any CPU
		{45B1AA75-B294-4E11-9350-F5B3190A4D4D}.Release|Any CPU.Build.0 = Release|Any CPU
		{A6171000-ABF4-4DEB-BF50-3B5632424D1B}.Debug|Any CPU.ActiveCfg = Debug|Any CPU
		{A6171000-ABF4-4DEB-BF50-3B5632424D1B}.Debug|Any CPU.Build.0 = Debug|Any CPU
		{A6171000-ABF4-4DEB-BF50-3B5632424D1B}.Release|Any CPU.ActiveCfg = Release|Any CPU
		{A6171000-ABF4-4DEB-BF50-3B5632424D1B}.Release|Any CPU.Build.0 = Release|Any CPU
		{3EE2548D-62BD-4098-8476-24F420B95ACD}.Debug|Any CPU.ActiveCfg = Debug|Any CPU
		{3EE2548D-62BD-4098-8476-24F420B95ACD}.Debug|Any CPU.Build.0 = Debug|Any CPU
		{3EE2548D-62BD-4098-8476-24F420B95ACD}.Release|Any CPU.ActiveCfg = Release|Any CPU
		{3EE2548D-62BD-4098-8476-24F420B95ACD}.Release|Any CPU.Build.0 = Release|Any CPU
	EndGlobalSection
	GlobalSection(SolutionProperties) = preSolution
		HideSolutionNode = FALSE
	EndGlobalSection
	GlobalSection(NestedProjects) = preSolution
		{01952B04-09AA-406D-9F38-CFC9B90E07F5} = {41AF3B77-5A0C-4B44-B062-0A2CD4838966}
		{185C35E9-B6E3-4A58-A8DB-7DC75DD37E41} = {41AF3B77-5A0C-4B44-B062-0A2CD4838966}
		{41FE17AE-7138-4609-99A4-AD1B6C9C5220} = {0429A70F-DDA3-407F-8645-76AA3E3871BC}
		{37DFBD1C-24C6-4A8C-AA30-BAC702F8542F} = {0429A70F-DDA3-407F-8645-76AA3E3871BC}
		{E1218A48-F07D-4E8B-B649-C764B2EDFE8B} = {C81AC343-E916-494E-AF15-073E1ADDBBDA}
		{1B6AB9A3-F3FD-431A-AA4C-83FE9ADA7096} = {C81AC343-E916-494E-AF15-073E1ADDBBDA}
		{D63054FE-B0BA-4C5F-A9DF-E519A68BD92F} = {3C198C4A-DF81-456F-A832-5ABE529F576F}
		{6D642A38-48A4-459F-9567-477E5F8848BF} = {3C198C4A-DF81-456F-A832-5ABE529F576F}
		{26BBDC41-1F65-4C88-B03C-8FDC50757654} = {82B2A3DB-4308-43D5-9FCE-29C638A36C69}
		{5F34278A-D764-47E5-9A90-9D3D9AB8DA8B} = {82B2A3DB-4308-43D5-9FCE-29C638A36C69}
		{22FD8C0A-687A-4FF0-AD64-4E212232CB4E} = {28532EB7-92E7-4F1D-8628-BAB7F851EE2C}
		{8B3D37DE-7E31-4553-B257-AD7F575996F6} = {28532EB7-92E7-4F1D-8628-BAB7F851EE2C}
		{DF9D86C8-5992-443E-9F7A-0A088CD3A53E} = {5E7B67EC-09F3-4DF7-93BC-6A3A7BD8E4AB}
		{45B1AA75-B294-4E11-9350-F5B3190A4D4D} = {5E7B67EC-09F3-4DF7-93BC-6A3A7BD8E4AB}
		{A6171000-ABF4-4DEB-BF50-3B5632424D1B} = {2B6C3014-B351-4C46-A8AE-7E424A814E8F}
		{3EE2548D-62BD-4098-8476-24F420B95ACD} = {2B6C3014-B351-4C46-A8AE-7E424A814E8F}
	EndGlobalSection
	GlobalSection(ExtensibilityGlobals) = postSolution
		SolutionGuid = {A9748F6E-D6E9-44C0-90C7-E70E338A43EA}
	EndGlobalSection
EndGlobal
